
Microsoft Visual Studio Solution File, Format Version 11.00
# Visual Studio 2010
Project("{8BC9CEB8-8B4A-11D0-8D11-00A0C91BC942}") = "快速排序", "快速排序\快速排序.vcxproj", "{803E9913-4D71-4461-B3CC-C7C4BABDDDBB}"
EndProject
Global
	GlobalSection(SolutionConfigurationPlatforms) = preSolution
		Debug|Win32 = Debug|Win32
		Release|Win32 = Release|Win32
	EndGlobalSection
	GlobalSection(ProjectConfigurationPlatforms) = postSolution
		{803E9913-4D71-4461-B3CC-C7C4BABDDDBB}.Debug|Win32.ActiveCfg = Debug|Win32
		{803E9913-4D71-4461-B3CC-C7C4BABDDDBB}.Debug|Win32.Build.0 = Debug|Win32
		{803E9913-4D71-4461-B3CC-C7C4BABDDDBB}.Release|Win32.ActiveCfg = Release|Win32
		{803E9913-4D71-4461-B3CC-C7C4BABDDDBB}.Release|Win32.Build.0 = Release|Win32
	EndGlobalSection
	GlobalSection(SolutionProperties) = preSolution
		HideSolutionNode = FALSE
	EndGlobalSection
EndGlobal
